
Microsoft Visual Studio Solution File, Format Version 12.00
# Visual Studio Version 17
VisualStudioVersion = 17.2.32526.322
MinimumVisualStudioVersion = 10.0.40219.1
Project("{FAE04EC0-301F-11D3-BF4B-00C04F79EFBC}") = "Presentacion", "Presentacion\Presentacion.csproj", "{E4065966-1966-4883-BBF1-052748ACE537}"
EndProject
Project("{FAE04EC0-301F-11D3-BF4B-00C04F79EFBC}") = "Negocio", "Negocio\Negocio.csproj", "{7A4364D9-D0E5-4902-B14D-11C5FFA258E4}"
EndProject
Project("{FAE04EC0-301F-11D3-BF4B-00C04F79EFBC}") = "Datos", "Datos\Datos.csproj", "{392036CB-0ADE-41A2-93ED-F2CCA7A680E7}"
EndProject
Project("{FAE04EC0-301F-11D3-BF4B-00C04F79EFBC}") = "Entidad", "Entidad\Entidad.csproj", "{E7FA4F38-EAD2-4C82-80BB-10363B40AAE4}"
EndProject
Project("{FAE04EC0-301F-11D3-BF4B-00C04F79EFBC}") = "DatosLinq", "DatosLinq\DatosLinq.csproj", "{3212F754-719D-4D08-A6F4-B38626149A66}"
EndProject
Global
	GlobalSection(SolutionConfigurationPlatforms) = preSolution
		Debug|Any CPU = Debug|Any CPU
		Release|Any CPU = Release|Any CPU
	EndGlobalSection
	GlobalSection(ProjectConfigurationPlatforms) = postSolution
		{E4065966-1966-4883-BBF1-052748ACE537}.Debug|Any CPU.ActiveCfg = Debug|Any CPU
		{E4065966-1966-4883-BBF1-052748ACE537}.Debug|Any CPU.Build.0 = Debug|Any CPU
		{E4065966-1966-4883-BBF1-052748ACE537}.Release|Any CPU.ActiveCfg = Release|Any CPU
		{E4065966-1966-4883-BBF1-052748ACE537}.Release|Any CPU.Build.0 = Release|Any CPU
		{7A4364D9-D0E5-4902-B14D-11C5FFA258E4}.Debug|Any CPU.ActiveCfg = Debug|Any CPU
		{7A4364D9-D0E5-4902-B14D-11C5FFA258E4}.Debug|Any CPU.Build.0 = Debug|Any CPU
		{7A4364D9-D0E5-4902-B14D-11C5FFA258E4}.Release|Any CPU.ActiveCfg = Release|Any CPU
		{7A4364D9-D0E5-4902-B14D-11C5FFA258E4}.Release|Any CPU.Build.0 = Release|Any CPU
		{392036CB-0ADE-41A2-93ED-F2CCA7A680E7}.Debug|Any CPU.ActiveCfg = Debug|Any CPU
		{392036CB-0ADE-41A2-93ED-F2CCA7A680E7}.Debug|Any CPU.Build.0 = Debug|Any CPU
		{392036CB-0ADE-41A2-93ED-F2CCA7A680E7}.Release|Any CPU.ActiveCfg = Release|Any CPU
		{392036CB-0ADE-41A2-93ED-F2CCA7A680E7}.Release|Any CPU.Build.0 = Release|Any CPU
		{E7FA4F38-EAD2-4C82-80BB-10363B40AAE4}.Debug|Any CPU.ActiveCfg = Debug|Any CPU
		{E7FA4F38-EAD2-4C82-80BB-10363B40AAE4}.Debug|Any CPU.Build.0 = Debug|Any CPU
		{E7FA4F38-EAD2-4C82-80BB-10363B40AAE4}.Release|Any CPU.ActiveCfg = Release|Any CPU
		{E7FA4F38-EAD2-4C82-80BB-10363B40AAE4}.Release|Any CPU.Build.0 = Release|Any CPU
		{3212F754-719D-4D08-A6F4-B38626149A66}.Debug|Any CPU.ActiveCfg = Debug|Any CPU
		{3212F754-719D-4D08-A6F4-B38626149A66}.Debug|Any CPU.Build.0 = Debug|Any CPU
		{3212F754-719D-4D08-A6F4-B38626149A66}.Release|Any CPU.ActiveCfg = Release|Any CPU
		{3212F754-719D-4D08-A6F4-B38626149A66}.Release|Any CPU.Build.0 = Release|Any CPU
	EndGlobalSection
	GlobalSection(SolutionProperties) = preSolution
		HideSolutionNode = FALSE
	EndGlobalSection
	GlobalSection(ExtensibilityGlobals) = postSolution
		SolutionGuid = {58947FE0-0422-4591-8432-1DB4DBFE4202}
	EndGlobalSection
EndGlobal
